// !$*UTF8*$!
{
	archiveVersion = 1;
	classes = {
	};
	objectVersion = 54;
	objects = {

/* Begin PBXAggregateTarget section */
		"Ruka::RukaPackageTests::ProductTarget" /* RukaPackageTests */ = {
			isa = PBXAggregateTarget;
			buildConfigurationList = OBJ_39 /* Build configuration list for PBXAggregateTarget "RukaPackageTests" */;
			buildPhases = (
			);
			dependencies = (
				OBJ_42 /* PBXTargetDependency */,
			);
			name = RukaPackageTests;
			productName = RukaPackageTests;
		};
/* End PBXAggregateTarget section */

/* Begin PBXBuildFile section */
		84146B172580386900A9768A /* App.swift in Sources */ = {isa = PBXBuildFile; fileRef = 84146B112580386900A9768A /* App.swift */; };
		84146B192580386900A9768A /* UIView+SubviewFinder.swift in Sources */ = {isa = PBXBuildFile; fileRef = 84146B132580386900A9768A /* UIView+SubviewFinder.swift */; };
		841FE7762580457900CBB8BF /* ModalViewController.swift in Sources */ = {isa = PBXBuildFile; fileRef = 841FE7752580457900CBB8BF /* ModalViewController.swift */; };
		84584DCE258E83150098FDEE /* Animation.swift in Sources */ = {isa = PBXBuildFile; fileRef = 84584DCD258E83150098FDEE /* Animation.swift */; };
		847AF23225897D8200D81C33 /* Identifiable.swift in Sources */ = {isa = PBXBuildFile; fileRef = 847AF23125897D8200D81C33 /* Identifiable.swift */; };
		847AF243258982F100D81C33 /* UIView+Identifiable.swift in Sources */ = {isa = PBXBuildFile; fileRef = 847AF242258982F100D81C33 /* UIView+Identifiable.swift */; };
		84E75E3C258039E7001F8290 /* AppDelegate.swift in Sources */ = {isa = PBXBuildFile; fileRef = 84E75E3B258039E7001F8290 /* AppDelegate.swift */; };
		84E75E3E258039E7001F8290 /* SceneDelegate.swift in Sources */ = {isa = PBXBuildFile; fileRef = 84E75E3D258039E7001F8290 /* SceneDelegate.swift */; };
		84E75E40258039E7001F8290 /* ViewController.swift in Sources */ = {isa = PBXBuildFile; fileRef = 84E75E3F258039E7001F8290 /* ViewController.swift */; };
		84E75E43258039E7001F8290 /* Main.storyboard in Resources */ = {isa = PBXBuildFile; fileRef = 84E75E41258039E7001F8290 /* Main.storyboard */; };
		84E75E45258039E8001F8290 /* Assets.xcassets in Resources */ = {isa = PBXBuildFile; fileRef = 84E75E44258039E8001F8290 /* Assets.xcassets */; };
		84E75E48258039E8001F8290 /* LaunchScreen.storyboard in Resources */ = {isa = PBXBuildFile; fileRef = 84E75E46258039E8001F8290 /* LaunchScreen.storyboard */; };
		C01EEAAD2908944400B0CE34 /* XCTest.framework in Frameworks */ = {isa = PBXBuildFile; fileRef = C01EEAAC2908944400B0CE34 /* XCTest.framework */; platformFilter = ios; };
		C0D793712BB5C5A80084E4A3 /* WaitResult.swift in Sources */ = {isa = PBXBuildFile; fileRef = C0D7935C2BB5C5A70084E4A3 /* WaitResult.swift */; };
		C0D793722BB5C5A80084E4A3 /* UISlider+ext.swift in Sources */ = {isa = PBXBuildFile; fileRef = C0D7935D2BB5C5A70084E4A3 /* UISlider+ext.swift */; };
		C0D793732BB5C5A80084E4A3 /* UIViewController+ext.swift in Sources */ = {isa = PBXBuildFile; fileRef = C0D7935E2BB5C5A70084E4A3 /* UIViewController+ext.swift */; };
		C0D793742BB5C5A80084E4A3 /* RukaError.swift in Sources */ = {isa = PBXBuildFile; fileRef = C0D7935F2BB5C5A80084E4A3 /* RukaError.swift */; };
		C0D793752BB5C5A80084E4A3 /* UILabel+ext.swift in Sources */ = {isa = PBXBuildFile; fileRef = C0D793602BB5C5A80084E4A3 /* UILabel+ext.swift */; };
		C0D793762BB5C5A80084E4A3 /* WaitersConcurrency.swift in Sources */ = {isa = PBXBuildFile; fileRef = C0D793612BB5C5A80084E4A3 /* WaitersConcurrency.swift */; };
		C0D793772BB5C5A80084E4A3 /* UITableViewCell+ext.swift in Sources */ = {isa = PBXBuildFile; fileRef = C0D793622BB5C5A80084E4A3 /* UITableViewCell+ext.swift */; };
		C0D793782BB5C5A80084E4A3 /* WaitTimeoutCondition.swift in Sources */ = {isa = PBXBuildFile; fileRef = C0D793632BB5C5A80084E4A3 /* WaitTimeoutCondition.swift */; };
		C0D793792BB5C5A80084E4A3 /* FailureBehavior.swift in Sources */ = {isa = PBXBuildFile; fileRef = C0D793642BB5C5A80084E4A3 /* FailureBehavior.swift */; };
		C0D7937A2BB5C5A80084E4A3 /* UIStepper+ext.swift in Sources */ = {isa = PBXBuildFile; fileRef = C0D793652BB5C5A80084E4A3 /* UIStepper+ext.swift */; };
		C0D7937B2BB5C5A80084E4A3 /* MainRunLoopActivityObserver.swift in Sources */ = {isa = PBXBuildFile; fileRef = C0D793662BB5C5A80084E4A3 /* MainRunLoopActivityObserver.swift */; };
		C0D7937C2BB5C5A80084E4A3 /* Waiters.swift in Sources */ = {isa = PBXBuildFile; fileRef = C0D793672BB5C5A80084E4A3 /* Waiters.swift */; };
		C0D7937D2BB5C5A80084E4A3 /* XCTestCase+ext.swift in Sources */ = {isa = PBXBuildFile; fileRef = C0D793682BB5C5A80084E4A3 /* XCTestCase+ext.swift */; };
		C0D7937E2BB5C5A80084E4A3 /* UIAlertController+ext.swift in Sources */ = {isa = PBXBuildFile; fileRef = C0D793692BB5C5A80084E4A3 /* UIAlertController+ext.swift */; };
		C0D7937F2BB5C5A80084E4A3 /* XCUIApplication+ext.swift in Sources */ = {isa = PBXBuildFile; fileRef = C0D7936A2BB5C5A80084E4A3 /* XCUIApplication+ext.swift */; };
		C0D793802BB5C5A80084E4A3 /* UITextField+ext.swift in Sources */ = {isa = PBXBuildFile; fileRef = C0D7936B2BB5C5A80084E4A3 /* UITextField+ext.swift */; };
		C0D793812BB5C5A80084E4A3 /* XCUIElement+ext.swift in Sources */ = {isa = PBXBuildFile; fileRef = C0D7936C2BB5C5A80084E4A3 /* XCUIElement+ext.swift */; };
		C0D793822BB5C5A80084E4A3 /* XCUIElementQuery+ext.swift in Sources */ = {isa = PBXBuildFile; fileRef = C0D7936D2BB5C5A80084E4A3 /* XCUIElementQuery+ext.swift */; };
		C0D793832BB5C5A80084E4A3 /* UISwitch+ext.swift in Sources */ = {isa = PBXBuildFile; fileRef = C0D7936E2BB5C5A80084E4A3 /* UISwitch+ext.swift */; };
		C0D793842BB5C5A80084E4A3 /* UITableView+ext.swift in Sources */ = {isa = PBXBuildFile; fileRef = C0D7936F2BB5C5A80084E4A3 /* UITableView+ext.swift */; };
		C0D793852BB5C5A80084E4A3 /* UIButton+ext.swift in Sources */ = {isa = PBXBuildFile; fileRef = C0D793702BB5C5A80084E4A3 /* UIButton+ext.swift */; };
		F2D972DF258A876C0034F592 /* SecondTabViewController.swift in Sources */ = {isa = PBXBuildFile; fileRef = F2D972DE258A876C0034F592 /* SecondTabViewController.swift */; };
		F2D972E6258AACB10034F592 /* TabBarViewController.swift in Sources */ = {isa = PBXBuildFile; fileRef = F2D972E5258AACB10034F592 /* TabBarViewController.swift */; };
		F2D972ED258AB0360034F592 /* NestedModalViewController.swift in Sources */ = {isa = PBXBuildFile; fileRef = F2D972EC258AB0360034F592 /* NestedModalViewController.swift */; };
		OBJ_37 /* Package.swift in Sources */ = {isa = PBXBuildFile; fileRef = OBJ_6 /* Package.swift */; };
		OBJ_48 /* Tests.swift in Sources */ = {isa = PBXBuildFile; fileRef = OBJ_13 /* Tests.swift */; };
		OBJ_49 /* FormViewController.swift in Sources */ = {isa = PBXBuildFile; fileRef = OBJ_15 /* FormViewController.swift */; };
		OBJ_50 /* RootViewController.swift in Sources */ = {isa = PBXBuildFile; fileRef = OBJ_16 /* RootViewController.swift */; };
		OBJ_51 /* TableViewController.swift in Sources */ = {isa = PBXBuildFile; fileRef = OBJ_17 /* TableViewController.swift */; };
/* End PBXBuildFile section */

/* Begin PBXContainerItemProxy section */
		84146B082580385000A9768A /* PBXContainerItemProxy */ = {
			isa = PBXContainerItemProxy;
			containerPortal = OBJ_1 /* Project object */;
			proxyType = 1;
			remoteGlobalIDString = "Ruka::Ruka";
			remoteInfo = Ruka;
		};
		84146B092580385000A9768A /* PBXContainerItemProxy */ = {
			isa = PBXContainerItemProxy;
			containerPortal = OBJ_1 /* Project object */;
			proxyType = 1;
			remoteGlobalIDString = "Ruka::RukaTests";
			remoteInfo = RukaTests;
		};
		84E75E52258039ED001F8290 /* PBXContainerItemProxy */ = {
			isa = PBXContainerItemProxy;
			containerPortal = OBJ_1 /* Project object */;
			proxyType = 1;
			remoteGlobalIDString = 84E75E38258039E7001F8290;
			remoteInfo = "Host App";
		};
/* End PBXContainerItemProxy section */

/* Begin PBXFileReference section */
		84146B0F2580386900A9768A /* Info.plist */ = {isa = PBXFileReference; lastKnownFileType = text.plist.xml; path = Info.plist; sourceTree = "<group>"; };
		84146B102580386900A9768A /* Ruka.h */ = {isa = PBXFileReference; lastKnownFileType = sourcecode.c.h; path = Ruka.h; sourceTree = "<group>"; };
		84146B112580386900A9768A /* App.swift */ = {isa = PBXFileReference; lastKnownFileType = sourcecode.swift; path = App.swift; sourceTree = "<group>"; };
		84146B132580386900A9768A /* UIView+SubviewFinder.swift */ = {isa = PBXFileReference; lastKnownFileType = sourcecode.swift; path = "UIView+SubviewFinder.swift"; sourceTree = "<group>"; };
		84146B3F258038A300A9768A /* README.md */ = {isa = PBXFileReference; lastKnownFileType = net.daringfireball.markdown; path = README.md; sourceTree = "<group>"; };
		841FE71C25803AF000CBB8BF /* Ruka.framework */ = {isa = PBXFileReference; explicitFileType = wrapper.framework; includeInIndex = 0; path = Ruka.framework; sourceTree = BUILT_PRODUCTS_DIR; };
		841FE71D25803AF000CBB8BF /* RukaTests.xctest */ = {isa = PBXFileReference; explicitFileType = wrapper.cfbundle; includeInIndex = 0; path = RukaTests.xctest; sourceTree = BUILT_PRODUCTS_DIR; };
		841FE71E25803AF000CBB8BF /* Host App.app */ = {isa = PBXFileReference; explicitFileType = wrapper.application; includeInIndex = 0; path = "Host App.app"; sourceTree = BUILT_PRODUCTS_DIR; };
		841FE7752580457900CBB8BF /* ModalViewController.swift */ = {isa = PBXFileReference; lastKnownFileType = sourcecode.swift; path = ModalViewController.swift; sourceTree = "<group>"; };
		84584DCD258E83150098FDEE /* Animation.swift */ = {isa = PBXFileReference; lastKnownFileType = sourcecode.swift; path = Animation.swift; sourceTree = "<group>"; };
		847AF23125897D8200D81C33 /* Identifiable.swift */ = {isa = PBXFileReference; lastKnownFileType = sourcecode.swift; path = Identifiable.swift; sourceTree = "<group>"; };
		847AF242258982F100D81C33 /* UIView+Identifiable.swift */ = {isa = PBXFileReference; lastKnownFileType = sourcecode.swift; path = "UIView+Identifiable.swift"; sourceTree = "<group>"; };
		84E75E3B258039E7001F8290 /* AppDelegate.swift */ = {isa = PBXFileReference; lastKnownFileType = sourcecode.swift; path = AppDelegate.swift; sourceTree = "<group>"; };
		84E75E3D258039E7001F8290 /* SceneDelegate.swift */ = {isa = PBXFileReference; lastKnownFileType = sourcecode.swift; path = SceneDelegate.swift; sourceTree = "<group>"; };
		84E75E3F258039E7001F8290 /* ViewController.swift */ = {isa = PBXFileReference; lastKnownFileType = sourcecode.swift; path = ViewController.swift; sourceTree = "<group>"; };
		84E75E42258039E7001F8290 /* Base */ = {isa = PBXFileReference; lastKnownFileType = file.storyboard; name = Base; path = Base.lproj/Main.storyboard; sourceTree = "<group>"; };
		84E75E44258039E8001F8290 /* Assets.xcassets */ = {isa = PBXFileReference; lastKnownFileType = folder.assetcatalog; path = Assets.xcassets; sourceTree = "<group>"; };
		84E75E47258039E8001F8290 /* Base */ = {isa = PBXFileReference; lastKnownFileType = file.storyboard; name = Base; path = Base.lproj/LaunchScreen.storyboard; sourceTree = "<group>"; };
		84E75E49258039E8001F8290 /* Info.plist */ = {isa = PBXFileReference; lastKnownFileType = text.plist.xml; path = Info.plist; sourceTree = "<group>"; };
		C01EEAAC2908944400B0CE34 /* XCTest.framework */ = {isa = PBXFileReference; lastKnownFileType = wrapper.framework; name = XCTest.framework; path = Platforms/iPhoneOS.platform/Developer/Library/Frameworks/XCTest.framework; sourceTree = DEVELOPER_DIR; };
		C08C5E4229447A530064A69E /* Main.storyboard */ = {isa = PBXFileReference; fileEncoding = 4; lastKnownFileType = file.storyboard; path = Main.storyboard; sourceTree = "<group>"; };
		C0D7935C2BB5C5A70084E4A3 /* WaitResult.swift */ = {isa = PBXFileReference; fileEncoding = 4; lastKnownFileType = sourcecode.swift; path = WaitResult.swift; sourceTree = "<group>"; };
		C0D7935D2BB5C5A70084E4A3 /* UISlider+ext.swift */ = {isa = PBXFileReference; fileEncoding = 4; lastKnownFileType = sourcecode.swift; path = "UISlider+ext.swift"; sourceTree = "<group>"; };
		C0D7935E2BB5C5A70084E4A3 /* UIViewController+ext.swift */ = {isa = PBXFileReference; fileEncoding = 4; lastKnownFileType = sourcecode.swift; path = "UIViewController+ext.swift"; sourceTree = "<group>"; };
		C0D7935F2BB5C5A80084E4A3 /* RukaError.swift */ = {isa = PBXFileReference; fileEncoding = 4; lastKnownFileType = sourcecode.swift; path = RukaError.swift; sourceTree = "<group>"; };
		C0D793602BB5C5A80084E4A3 /* UILabel+ext.swift */ = {isa = PBXFileReference; fileEncoding = 4; lastKnownFileType = sourcecode.swift; path = "UILabel+ext.swift"; sourceTree = "<group>"; };
		C0D793612BB5C5A80084E4A3 /* WaitersConcurrency.swift */ = {isa = PBXFileReference; fileEncoding = 4; lastKnownFileType = sourcecode.swift; path = WaitersConcurrency.swift; sourceTree = "<group>"; };
		C0D793622BB5C5A80084E4A3 /* UITableViewCell+ext.swift */ = {isa = PBXFileReference; fileEncoding = 4; lastKnownFileType = sourcecode.swift; path = "UITableViewCell+ext.swift"; sourceTree = "<group>"; };
		C0D793632BB5C5A80084E4A3 /* WaitTimeoutCondition.swift */ = {isa = PBXFileReference; fileEncoding = 4; lastKnownFileType = sourcecode.swift; path = WaitTimeoutCondition.swift; sourceTree = "<group>"; };
		C0D793642BB5C5A80084E4A3 /* FailureBehavior.swift */ = {isa = PBXFileReference; fileEncoding = 4; lastKnownFileType = sourcecode.swift; path = FailureBehavior.swift; sourceTree = "<group>"; };
		C0D793652BB5C5A80084E4A3 /* UIStepper+ext.swift */ = {isa = PBXFileReference; fileEncoding = 4; lastKnownFileType = sourcecode.swift; path = "UIStepper+ext.swift"; sourceTree = "<group>"; };
		C0D793662BB5C5A80084E4A3 /* MainRunLoopActivityObserver.swift */ = {isa = PBXFileReference; fileEncoding = 4; lastKnownFileType = sourcecode.swift; path = MainRunLoopActivityObserver.swift; sourceTree = "<group>"; };
		C0D793672BB5C5A80084E4A3 /* Waiters.swift */ = {isa = PBXFileReference; fileEncoding = 4; lastKnownFileType = sourcecode.swift; path = Waiters.swift; sourceTree = "<group>"; };
		C0D793682BB5C5A80084E4A3 /* XCTestCase+ext.swift */ = {isa = PBXFileReference; fileEncoding = 4; lastKnownFileType = sourcecode.swift; path = "XCTestCase+ext.swift"; sourceTree = "<group>"; };
		C0D793692BB5C5A80084E4A3 /* UIAlertController+ext.swift */ = {isa = PBXFileReference; fileEncoding = 4; lastKnownFileType = sourcecode.swift; path = "UIAlertController+ext.swift"; sourceTree = "<group>"; };
		C0D7936A2BB5C5A80084E4A3 /* XCUIApplication+ext.swift */ = {isa = PBXFileReference; fileEncoding = 4; lastKnownFileType = sourcecode.swift; path = "XCUIApplication+ext.swift"; sourceTree = "<group>"; };
		C0D7936B2BB5C5A80084E4A3 /* UITextField+ext.swift */ = {isa = PBXFileReference; fileEncoding = 4; lastKnownFileType = sourcecode.swift; path = "UITextField+ext.swift"; sourceTree = "<group>"; };
		C0D7936C2BB5C5A80084E4A3 /* XCUIElement+ext.swift */ = {isa = PBXFileReference; fileEncoding = 4; lastKnownFileType = sourcecode.swift; path = "XCUIElement+ext.swift"; sourceTree = "<group>"; };
		C0D7936D2BB5C5A80084E4A3 /* XCUIElementQuery+ext.swift */ = {isa = PBXFileReference; fileEncoding = 4; lastKnownFileType = sourcecode.swift; path = "XCUIElementQuery+ext.swift"; sourceTree = "<group>"; };
		C0D7936E2BB5C5A80084E4A3 /* UISwitch+ext.swift */ = {isa = PBXFileReference; fileEncoding = 4; lastKnownFileType = sourcecode.swift; path = "UISwitch+ext.swift"; sourceTree = "<group>"; };
		C0D7936F2BB5C5A80084E4A3 /* UITableView+ext.swift */ = {isa = PBXFileReference; fileEncoding = 4; lastKnownFileType = sourcecode.swift; path = "UITableView+ext.swift"; sourceTree = "<group>"; };
		C0D793702BB5C5A80084E4A3 /* UIButton+ext.swift */ = {isa = PBXFileReference; fileEncoding = 4; lastKnownFileType = sourcecode.swift; path = "UIButton+ext.swift"; sourceTree = "<group>"; };
		F2D972DE258A876C0034F592 /* SecondTabViewController.swift */ = {isa = PBXFileReference; lastKnownFileType = sourcecode.swift; path = SecondTabViewController.swift; sourceTree = "<group>"; };
		F2D972E5258AACB10034F592 /* TabBarViewController.swift */ = {isa = PBXFileReference; lastKnownFileType = sourcecode.swift; path = TabBarViewController.swift; sourceTree = "<group>"; };
		F2D972EC258AB0360034F592 /* NestedModalViewController.swift */ = {isa = PBXFileReference; lastKnownFileType = sourcecode.swift; path = NestedModalViewController.swift; sourceTree = "<group>"; };
		OBJ_12 /* Info.plist */ = {isa = PBXFileReference; lastKnownFileType = text.plist.xml; path = Info.plist; sourceTree = "<group>"; };
		OBJ_13 /* Tests.swift */ = {isa = PBXFileReference; lastKnownFileType = sourcecode.swift; path = Tests.swift; sourceTree = "<group>"; };
		OBJ_15 /* FormViewController.swift */ = {isa = PBXFileReference; lastKnownFileType = sourcecode.swift; path = FormViewController.swift; sourceTree = "<group>"; };
		OBJ_16 /* RootViewController.swift */ = {isa = PBXFileReference; lastKnownFileType = sourcecode.swift; path = RootViewController.swift; sourceTree = "<group>"; };
		OBJ_17 /* TableViewController.swift */ = {isa = PBXFileReference; lastKnownFileType = sourcecode.swift; path = TableViewController.swift; sourceTree = "<group>"; };
		OBJ_23 /* LICENSE */ = {isa = PBXFileReference; lastKnownFileType = text; path = LICENSE; sourceTree = "<group>"; };
		OBJ_24 /* README.md */ = {isa = PBXFileReference; lastKnownFileType = net.daringfireball.markdown; path = README.md; sourceTree = "<group>"; };
		OBJ_6 /* Package.swift */ = {isa = PBXFileReference; explicitFileType = sourcecode.swift; path = Package.swift; sourceTree = "<group>"; };
/* End PBXFileReference section */

/* Begin PBXFrameworksBuildPhase section */
		84E75E36258039E7001F8290 /* Frameworks */ = {
			isa = PBXFrameworksBuildPhase;
			buildActionMask = 2147483647;
			files = (
			);
			runOnlyForDeploymentPostprocessing = 0;
		};
		OBJ_31 /* Frameworks */ = {
			isa = PBXFrameworksBuildPhase;
			buildActionMask = 0;
			files = (
				C01EEAAD2908944400B0CE34 /* XCTest.framework in Frameworks */,
			);
			runOnlyForDeploymentPostprocessing = 0;
		};
		OBJ_52 /* Frameworks */ = {
			isa = PBXFrameworksBuildPhase;
			buildActionMask = 0;
			files = (
			);
			runOnlyForDeploymentPostprocessing = 0;
		};
/* End PBXFrameworksBuildPhase section */

/* Begin PBXGroup section */
		84E75E3A258039E7001F8290 /* Host App */ = {
			isa = PBXGroup;
			children = (
				84146B3F258038A300A9768A /* README.md */,
				84E75E49258039E8001F8290 /* Info.plist */,
				84E75E3B258039E7001F8290 /* AppDelegate.swift */,
				84E75E3D258039E7001F8290 /* SceneDelegate.swift */,
				84E75E3F258039E7001F8290 /* ViewController.swift */,
				84E75E44258039E8001F8290 /* Assets.xcassets */,
				84E75E46258039E8001F8290 /* LaunchScreen.storyboard */,
				84E75E41258039E7001F8290 /* Main.storyboard */,
			);
			path = "Host App";
			sourceTree = "<group>";
		};
		C01EEAAB2908944300B0CE34 /* Frameworks */ = {
			isa = PBXGroup;
			children = (
				C01EEAAC2908944400B0CE34 /* XCTest.framework */,
			);
			name = Frameworks;
			sourceTree = "<group>";
		};
		C08C5E4129447A530064A69E /* Resources */ = {
			isa = PBXGroup;
			children = (
				C08C5E4229447A530064A69E /* Main.storyboard */,
			);
			path = Resources;
			sourceTree = "<group>";
		};
		OBJ_10 /* Tests */ = {
			isa = PBXGroup;
			children = (
				84E75E3A258039E7001F8290 /* Host App */,
				OBJ_11 /* RukaTests */,
			);
			path = Tests;
			sourceTree = "<group>";
		};
		OBJ_11 /* RukaTests */ = {
			isa = PBXGroup;
			children = (
				C08C5E4129447A530064A69E /* Resources */,
				OBJ_14 /* Support */,
				OBJ_12 /* Info.plist */,
				OBJ_13 /* Tests.swift */,
			);
			path = RukaTests;
			sourceTree = "<group>";
		};
		OBJ_14 /* Support */ = {
			isa = PBXGroup;
			children = (
				OBJ_15 /* FormViewController.swift */,
				841FE7752580457900CBB8BF /* ModalViewController.swift */,
				F2D972EC258AB0360034F592 /* NestedModalViewController.swift */,
				OBJ_16 /* RootViewController.swift */,
				OBJ_17 /* TableViewController.swift */,
				F2D972DE258A876C0034F592 /* SecondTabViewController.swift */,
				F2D972E5258AACB10034F592 /* TabBarViewController.swift */,
			);
			path = Support;
			sourceTree = "<group>";
		};
		OBJ_5 = {
			isa = PBXGroup;
			children = (
				OBJ_23 /* LICENSE */,
				OBJ_24 /* README.md */,
				OBJ_6 /* Package.swift */,
				OBJ_7 /* Sources */,
				OBJ_10 /* Tests */,
				841FE71C25803AF000CBB8BF /* Ruka.framework */,
				841FE71D25803AF000CBB8BF /* RukaTests.xctest */,
				841FE71E25803AF000CBB8BF /* Host App.app */,
				C01EEAAB2908944300B0CE34 /* Frameworks */,
			);
			sourceTree = "<group>";
		};
		OBJ_7 /* Sources */ = {
			isa = PBXGroup;
			children = (
				OBJ_8 /* Ruka */,
			);
			path = Sources;
			sourceTree = "<group>";
		};
		OBJ_8 /* Ruka */ = {
			isa = PBXGroup;
			children = (
				84584DCD258E83150098FDEE /* Animation.swift */,
				84146B112580386900A9768A /* App.swift */,
				C0D793642BB5C5A80084E4A3 /* FailureBehavior.swift */,
				847AF23125897D8200D81C33 /* Identifiable.swift */,
				84146B0F2580386900A9768A /* Info.plist */,
				C0D793662BB5C5A80084E4A3 /* MainRunLoopActivityObserver.swift */,
				84146B102580386900A9768A /* Ruka.h */,
				C0D7935F2BB5C5A80084E4A3 /* RukaError.swift */,
				C0D793692BB5C5A80084E4A3 /* UIAlertController+ext.swift */,
				C0D793702BB5C5A80084E4A3 /* UIButton+ext.swift */,
				C0D793602BB5C5A80084E4A3 /* UILabel+ext.swift */,
				C0D7935D2BB5C5A70084E4A3 /* UISlider+ext.swift */,
				C0D793652BB5C5A80084E4A3 /* UIStepper+ext.swift */,
				C0D7936E2BB5C5A80084E4A3 /* UISwitch+ext.swift */,
				C0D7936F2BB5C5A80084E4A3 /* UITableView+ext.swift */,
				C0D793622BB5C5A80084E4A3 /* UITableViewCell+ext.swift */,
				C0D7936B2BB5C5A80084E4A3 /* UITextField+ext.swift */,
				847AF242258982F100D81C33 /* UIView+Identifiable.swift */,
				84146B132580386900A9768A /* UIView+SubviewFinder.swift */,
				C0D7935E2BB5C5A70084E4A3 /* UIViewController+ext.swift */,
				C0D793672BB5C5A80084E4A3 /* Waiters.swift */,
				C0D793612BB5C5A80084E4A3 /* WaitersConcurrency.swift */,
				C0D7935C2BB5C5A70084E4A3 /* WaitResult.swift */,
				C0D793632BB5C5A80084E4A3 /* WaitTimeoutCondition.swift */,
				C0D793682BB5C5A80084E4A3 /* XCTestCase+ext.swift */,
				C0D7936A2BB5C5A80084E4A3 /* XCUIApplication+ext.swift */,
				C0D7936C2BB5C5A80084E4A3 /* XCUIElement+ext.swift */,
				C0D7936D2BB5C5A80084E4A3 /* XCUIElementQuery+ext.swift */,
			);
			path = Ruka;
			sourceTree = "<group>";
		};
/* End PBXGroup section */

/* Begin PBXNativeTarget section */
		84E75E38258039E7001F8290 /* Host App */ = {
			isa = PBXNativeTarget;
			buildConfigurationList = 84E75E4A258039E8001F8290 /* Build configuration list for PBXNativeTarget "Host App" */;
			buildPhases = (
				84E75E35258039E7001F8290 /* Sources */,
				84E75E36258039E7001F8290 /* Frameworks */,
				84E75E37258039E7001F8290 /* Resources */,
			);
			buildRules = (
			);
			dependencies = (
			);
			name = "Host App";
			productName = "Host App";
			productReference = 841FE71E25803AF000CBB8BF /* Host App.app */;
			productType = "com.apple.product-type.application";
		};
		"Ruka::Ruka" /* Ruka */ = {
			isa = PBXNativeTarget;
			buildConfigurationList = OBJ_26 /* Build configuration list for PBXNativeTarget "Ruka" */;
			buildPhases = (
				OBJ_29 /* Sources */,
				OBJ_31 /* Frameworks */,
			);
			buildRules = (
			);
			dependencies = (
			);
			name = Ruka;
			productName = Ruka;
			productReference = 841FE71C25803AF000CBB8BF /* Ruka.framework */;
			productType = "com.apple.product-type.framework";
		};
		"Ruka::RukaTests" /* RukaTests */ = {
			isa = PBXNativeTarget;
			buildConfigurationList = OBJ_44 /* Build configuration list for PBXNativeTarget "RukaTests" */;
			buildPhases = (
				OBJ_47 /* Sources */,
				OBJ_52 /* Frameworks */,
			);
			buildRules = (
			);
			dependencies = (
				OBJ_54 /* PBXTargetDependency */,
				84E75E53258039ED001F8290 /* PBXTargetDependency */,
			);
			name = RukaTests;
			productName = RukaTests;
			productReference = 841FE71D25803AF000CBB8BF /* RukaTests.xctest */;
			productType = "com.apple.product-type.bundle.unit-test";
		};
		"Ruka::SwiftPMPackageDescription" /* RukaPackageDescription */ = {
			isa = PBXNativeTarget;
			buildConfigurationList = OBJ_33 /* Build configuration list for PBXNativeTarget "RukaPackageDescription" */;
			buildPhases = (
				OBJ_36 /* Sources */,
			);
			buildRules = (
			);
			dependencies = (
			);
			name = RukaPackageDescription;
			productName = RukaPackageDescription;
			productType = "com.apple.product-type.framework";
		};
/* End PBXNativeTarget section */

/* Begin PBXProject section */
		OBJ_1 /* Project object */ = {
			isa = PBXProject;
			attributes = {
				LastSwiftMigration = 9999;
				LastSwiftUpdateCheck = 1220;
				LastUpgradeCheck = 1410;
				TargetAttributes = {
					84E75E38258039E7001F8290 = {
						CreatedOnToolsVersion = 12.2;
						DevelopmentTeam = 6JS2VP4ATY;
						ProvisioningStyle = Automatic;
					};
					"Ruka::RukaTests" = {
						TestTargetID = 84E75E38258039E7001F8290;
					};
				};
			};
			buildConfigurationList = OBJ_2 /* Build configuration list for PBXProject "Ruka" */;
			compatibilityVersion = "Xcode 3.2";
			developmentRegion = en;
			hasScannedForEncodings = 0;
			knownRegions = (
				en,
				Base,
			);
			mainGroup = OBJ_5;
			productRefGroup = OBJ_5;
			projectDirPath = "";
			projectRoot = "";
			targets = (
				"Ruka::Ruka" /* Ruka */,
				"Ruka::SwiftPMPackageDescription" /* RukaPackageDescription */,
				"Ruka::RukaPackageTests::ProductTarget" /* RukaPackageTests */,
				"Ruka::RukaTests" /* RukaTests */,
				84E75E38258039E7001F8290 /* Host App */,
			);
		};
/* End PBXProject section */

/* Begin PBXResourcesBuildPhase section */
		84E75E37258039E7001F8290 /* Resources */ = {
			isa = PBXResourcesBuildPhase;
			buildActionMask = 2147483647;
			files = (
				84E75E48258039E8001F8290 /* LaunchScreen.storyboard in Resources */,
				84E75E45258039E8001F8290 /* Assets.xcassets in Resources */,
				84E75E43258039E7001F8290 /* Main.storyboard in Resources */,
			);
			runOnlyForDeploymentPostprocessing = 0;
		};
/* End PBXResourcesBuildPhase section */

/* Begin PBXSourcesBuildPhase section */
		84E75E35258039E7001F8290 /* Sources */ = {
			isa = PBXSourcesBuildPhase;
			buildActionMask = 2147483647;
			files = (
				84E75E40258039E7001F8290 /* ViewController.swift in Sources */,
				84E75E3C258039E7001F8290 /* AppDelegate.swift in Sources */,
				84E75E3E258039E7001F8290 /* SceneDelegate.swift in Sources */,
			);
			runOnlyForDeploymentPostprocessing = 0;
		};
		OBJ_29 /* Sources */ = {
			isa = PBXSourcesBuildPhase;
			buildActionMask = 0;
			files = (
				C0D793782BB5C5A80084E4A3 /* WaitTimeoutCondition.swift in Sources */,
				C0D793762BB5C5A80084E4A3 /* WaitersConcurrency.swift in Sources */,
				847AF23225897D8200D81C33 /* Identifiable.swift in Sources */,
				C0D793852BB5C5A80084E4A3 /* UIButton+ext.swift in Sources */,
				C0D793732BB5C5A80084E4A3 /* UIViewController+ext.swift in Sources */,
				C0D793822BB5C5A80084E4A3 /* XCUIElementQuery+ext.swift in Sources */,
				C0D793742BB5C5A80084E4A3 /* RukaError.swift in Sources */,
				84146B192580386900A9768A /* UIView+SubviewFinder.swift in Sources */,
				C0D793712BB5C5A80084E4A3 /* WaitResult.swift in Sources */,
				C0D793802BB5C5A80084E4A3 /* UITextField+ext.swift in Sources */,
				C0D7937A2BB5C5A80084E4A3 /* UIStepper+ext.swift in Sources */,
				C0D793752BB5C5A80084E4A3 /* UILabel+ext.swift in Sources */,
				C0D7937D2BB5C5A80084E4A3 /* XCTestCase+ext.swift in Sources */,
				C0D7937B2BB5C5A80084E4A3 /* MainRunLoopActivityObserver.swift in Sources */,
				C0D7937E2BB5C5A80084E4A3 /* UIAlertController+ext.swift in Sources */,
				C0D793812BB5C5A80084E4A3 /* XCUIElement+ext.swift in Sources */,
				C0D7937F2BB5C5A80084E4A3 /* XCUIApplication+ext.swift in Sources */,
				C0D793842BB5C5A80084E4A3 /* UITableView+ext.swift in Sources */,
				847AF243258982F100D81C33 /* UIView+Identifiable.swift in Sources */,
				C0D793792BB5C5A80084E4A3 /* FailureBehavior.swift in Sources */,
				84146B172580386900A9768A /* App.swift in Sources */,
				C0D793722BB5C5A80084E4A3 /* UISlider+ext.swift in Sources */,
				C0D793832BB5C5A80084E4A3 /* UISwitch+ext.swift in Sources */,
				C0D793772BB5C5A80084E4A3 /* UITableViewCell+ext.swift in Sources */,
				C0D7937C2BB5C5A80084E4A3 /* Waiters.swift in Sources */,
				84584DCE258E83150098FDEE /* Animation.swift in Sources */,
			);
			runOnlyForDeploymentPostprocessing = 0;
		};
		OBJ_36 /* Sources */ = {
			isa = PBXSourcesBuildPhase;
			buildActionMask = 0;
			files = (
				OBJ_37 /* Package.swift in Sources */,
			);
			runOnlyForDeploymentPostprocessing = 0;
		};
		OBJ_47 /* Sources */ = {
			isa = PBXSourcesBuildPhase;
			buildActionMask = 0;
			files = (
				F2D972DF258A876C0034F592 /* SecondTabViewController.swift in Sources */,
				F2D972ED258AB0360034F592 /* NestedModalViewController.swift in Sources */,
				OBJ_48 /* Tests.swift in Sources */,
				841FE7762580457900CBB8BF /* ModalViewController.swift in Sources */,
				OBJ_49 /* FormViewController.swift in Sources */,
				F2D972E6258AACB10034F592 /* TabBarViewController.swift in Sources */,
				OBJ_50 /* RootViewController.swift in Sources */,
				OBJ_51 /* TableViewController.swift in Sources */,
			);
			runOnlyForDeploymentPostprocessing = 0;
		};
/* End PBXSourcesBuildPhase section */

/* Begin PBXTargetDependency section */
		84E75E53258039ED001F8290 /* PBXTargetDependency */ = {
			isa = PBXTargetDependency;
			target = 84E75E38258039E7001F8290 /* Host App */;
			targetProxy = 84E75E52258039ED001F8290 /* PBXContainerItemProxy */;
		};
		OBJ_42 /* PBXTargetDependency */ = {
			isa = PBXTargetDependency;
			target = "Ruka::RukaTests" /* RukaTests */;
			targetProxy = 84146B092580385000A9768A /* PBXContainerItemProxy */;
		};
		OBJ_54 /* PBXTargetDependency */ = {
			isa = PBXTargetDependency;
			target = "Ruka::Ruka" /* Ruka */;
			targetProxy = 84146B082580385000A9768A /* PBXContainerItemProxy */;
		};
/* End PBXTargetDependency section */

/* Begin PBXVariantGroup section */
		84E75E41258039E7001F8290 /* Main.storyboard */ = {
			isa = PBXVariantGroup;
			children = (
				84E75E42258039E7001F8290 /* Base */,
			);
			name = Main.storyboard;
			sourceTree = "<group>";
		};
		84E75E46258039E8001F8290 /* LaunchScreen.storyboard */ = {
			isa = PBXVariantGroup;
			children = (
				84E75E47258039E8001F8290 /* Base */,
			);
			name = LaunchScreen.storyboard;
			sourceTree = "<group>";
		};
/* End PBXVariantGroup section */

/* Begin XCBuildConfiguration section */
		84E75E4B258039E8001F8290 /* Debug */ = {
			isa = XCBuildConfiguration;
			buildSettings = {
				ALWAYS_SEARCH_USER_PATHS = NO;
				ASSETCATALOG_COMPILER_APPICON_NAME = AppIcon;
				ASSETCATALOG_COMPILER_GLOBAL_ACCENT_COLOR_NAME = AccentColor;
				CLANG_ANALYZER_NONNULL = YES;
				CLANG_ANALYZER_NUMBER_OBJECT_CONVERSION = YES_AGGRESSIVE;
				CLANG_CXX_LANGUAGE_STANDARD = "gnu++14";
				CLANG_CXX_LIBRARY = "libc++";
				CLANG_ENABLE_MODULES = YES;
				CLANG_ENABLE_OBJC_WEAK = YES;
				CLANG_WARN_BLOCK_CAPTURE_AUTORELEASING = YES;
				CLANG_WARN_BOOL_CONVERSION = YES;
				CLANG_WARN_COMMA = YES;
				CLANG_WARN_CONSTANT_CONVERSION = YES;
				CLANG_WARN_DEPRECATED_OBJC_IMPLEMENTATIONS = YES;
				CLANG_WARN_DIRECT_OBJC_ISA_USAGE = YES_ERROR;
				CLANG_WARN_DOCUMENTATION_COMMENTS = YES;
				CLANG_WARN_EMPTY_BODY = YES;
				CLANG_WARN_ENUM_CONVERSION = YES;
				CLANG_WARN_INFINITE_RECURSION = YES;
				CLANG_WARN_INT_CONVERSION = YES;
				CLANG_WARN_NON_LITERAL_NULL_CONVERSION = YES;
				CLANG_WARN_OBJC_IMPLICIT_RETAIN_SELF = YES;
				CLANG_WARN_OBJC_LITERAL_CONVERSION = YES;
				CLANG_WARN_OBJC_ROOT_CLASS = YES_ERROR;
				CLANG_WARN_QUOTED_INCLUDE_IN_FRAMEWORK_HEADER = YES;
				CLANG_WARN_RANGE_LOOP_ANALYSIS = YES;
				CLANG_WARN_STRICT_PROTOTYPES = YES;
				CLANG_WARN_SUSPICIOUS_MOVE = YES;
				CLANG_WARN_UNGUARDED_AVAILABILITY = YES_AGGRESSIVE;
				CLANG_WARN_UNREACHABLE_CODE = YES;
				CLANG_WARN__DUPLICATE_METHOD_MATCH = YES;
				CODE_SIGN_STYLE = Automatic;
				DEVELOPMENT_TEAM = 6JS2VP4ATY;
				ENABLE_STRICT_OBJC_MSGSEND = YES;
				ENABLE_TESTABILITY = YES;
				GCC_C_LANGUAGE_STANDARD = gnu11;
				GCC_DYNAMIC_NO_PIC = NO;
				GCC_NO_COMMON_BLOCKS = YES;
				GCC_PREPROCESSOR_DEFINITIONS = (
					"DEBUG=1",
					"$(inherited)",
				);
				GCC_WARN_64_TO_32_BIT_CONVERSION = YES;
				GCC_WARN_ABOUT_RETURN_TYPE = YES_ERROR;
				GCC_WARN_UNDECLARED_SELECTOR = YES;
				GCC_WARN_UNINITIALIZED_AUTOS = YES_AGGRESSIVE;
				GCC_WARN_UNUSED_FUNCTION = YES;
				GCC_WARN_UNUSED_VARIABLE = YES;
				INFOPLIST_FILE = "Tests/Host App/Info.plist";
				IPHONEOS_DEPLOYMENT_TARGET = 14.2;
				LD_RUNPATH_SEARCH_PATHS = (
					"$(inherited)",
					"@executable_path/Frameworks",
				);
				MACOSX_DEPLOYMENT_TARGET = "$(RECOMMENDED_MACOSX_DEPLOYMENT_TARGET)";
				MTL_ENABLE_DEBUG_INFO = INCLUDE_SOURCE;
				MTL_FAST_MATH = YES;
				PRODUCT_BUNDLE_IDENTIFIER = "com.masilotti.Host-App";
				PRODUCT_NAME = "$(TARGET_NAME)";
				SWIFT_ACTIVE_COMPILATION_CONDITIONS = DEBUG;
				SWIFT_VERSION = 5.0;
				TARGETED_DEVICE_FAMILY = "1,2";
			};
			name = Debug;
		};
		84E75E4C258039E8001F8290 /* Release */ = {
			isa = XCBuildConfiguration;
			buildSettings = {
				ALWAYS_SEARCH_USER_PATHS = NO;
				ASSETCATALOG_COMPILER_APPICON_NAME = AppIcon;
				ASSETCATALOG_COMPILER_GLOBAL_ACCENT_COLOR_NAME = AccentColor;
				CLANG_ANALYZER_NONNULL = YES;
				CLANG_ANALYZER_NUMBER_OBJECT_CONVERSION = YES_AGGRESSIVE;
				CLANG_CXX_LANGUAGE_STANDARD = "gnu++14";
				CLANG_CXX_LIBRARY = "libc++";
				CLANG_ENABLE_MODULES = YES;
				CLANG_ENABLE_OBJC_WEAK = YES;
				CLANG_WARN_BLOCK_CAPTURE_AUTORELEASING = YES;
				CLANG_WARN_BOOL_CONVERSION = YES;
				CLANG_WARN_COMMA = YES;
				CLANG_WARN_CONSTANT_CONVERSION = YES;
				CLANG_WARN_DEPRECATED_OBJC_IMPLEMENTATIONS = YES;
				CLANG_WARN_DIRECT_OBJC_ISA_USAGE = YES_ERROR;
				CLANG_WARN_DOCUMENTATION_COMMENTS = YES;
				CLANG_WARN_EMPTY_BODY = YES;
				CLANG_WARN_ENUM_CONVERSION = YES;
				CLANG_WARN_INFINITE_RECURSION = YES;
				CLANG_WARN_INT_CONVERSION = YES;
				CLANG_WARN_NON_LITERAL_NULL_CONVERSION = YES;
				CLANG_WARN_OBJC_IMPLICIT_RETAIN_SELF = YES;
				CLANG_WARN_OBJC_LITERAL_CONVERSION = YES;
				CLANG_WARN_OBJC_ROOT_CLASS = YES_ERROR;
				CLANG_WARN_QUOTED_INCLUDE_IN_FRAMEWORK_HEADER = YES;
				CLANG_WARN_RANGE_LOOP_ANALYSIS = YES;
				CLANG_WARN_STRICT_PROTOTYPES = YES;
				CLANG_WARN_SUSPICIOUS_MOVE = YES;
				CLANG_WARN_UNGUARDED_AVAILABILITY = YES_AGGRESSIVE;
				CLANG_WARN_UNREACHABLE_CODE = YES;
				CLANG_WARN__DUPLICATE_METHOD_MATCH = YES;
				CODE_SIGN_STYLE = Automatic;
				COPY_PHASE_STRIP = NO;
				DEVELOPMENT_TEAM = 6JS2VP4ATY;
				ENABLE_NS_ASSERTIONS = NO;
				ENABLE_STRICT_OBJC_MSGSEND = YES;
				GCC_C_LANGUAGE_STANDARD = gnu11;
				GCC_NO_COMMON_BLOCKS = YES;
				GCC_WARN_64_TO_32_BIT_CONVERSION = YES;
				GCC_WARN_ABOUT_RETURN_TYPE = YES_ERROR;
				GCC_WARN_UNDECLARED_SELECTOR = YES;
				GCC_WARN_UNINITIALIZED_AUTOS = YES_AGGRESSIVE;
				GCC_WARN_UNUSED_FUNCTION = YES;
				GCC_WARN_UNUSED_VARIABLE = YES;
				INFOPLIST_FILE = "Tests/Host App/Info.plist";
				IPHONEOS_DEPLOYMENT_TARGET = 14.2;
				LD_RUNPATH_SEARCH_PATHS = (
					"$(inherited)",
					"@executable_path/Frameworks",
				);
				MACOSX_DEPLOYMENT_TARGET = "$(RECOMMENDED_MACOSX_DEPLOYMENT_TARGET)";
				MTL_ENABLE_DEBUG_INFO = NO;
				MTL_FAST_MATH = YES;
				PRODUCT_BUNDLE_IDENTIFIER = "com.masilotti.Host-App";
				PRODUCT_NAME = "$(TARGET_NAME)";
				SWIFT_VERSION = 5.0;
				TARGETED_DEVICE_FAMILY = "1,2";
				VALIDATE_PRODUCT = YES;
			};
			name = Release;
		};
		OBJ_27 /* Debug */ = {
			isa = XCBuildConfiguration;
			buildSettings = {
				ENABLE_TESTABILITY = YES;
				FRAMEWORK_SEARCH_PATHS = (
					"$(inherited)",
					"$(PLATFORM_DIR)/Developer/Library/Frameworks",
				);
				HEADER_SEARCH_PATHS = "$(inherited)";
				INFOPLIST_FILE = Ruka.xcodeproj/Ruka_Info.plist;
				IPHONEOS_DEPLOYMENT_TARGET = 14.0;
				LD_RUNPATH_SEARCH_PATHS = (
					"$(inherited)",
					"$(TOOLCHAIN_DIR)/usr/lib/swift/macosx",
				);
				MACOSX_DEPLOYMENT_TARGET = 10.15;
				OTHER_CFLAGS = "$(inherited)";
				OTHER_LDFLAGS = "$(inherited)";
				OTHER_SWIFT_FLAGS = "$(inherited)";
				PRODUCT_BUNDLE_IDENTIFIER = Ruka;
				PRODUCT_MODULE_NAME = "$(TARGET_NAME:c99extidentifier)";
				PRODUCT_NAME = "$(TARGET_NAME:c99extidentifier)";
				SDKROOT = iphoneos;
				SKIP_INSTALL = YES;
				SUPPORTED_PLATFORMS = "iphonesimulator iphoneos";
				SWIFT_ACTIVE_COMPILATION_CONDITIONS = "$(inherited)";
				SWIFT_VERSION = 5.0;
				TARGET_NAME = Ruka;
				TVOS_DEPLOYMENT_TARGET = 14.0;
				WATCHOS_DEPLOYMENT_TARGET = 8.0;
			};
			name = Debug;
		};
		OBJ_28 /* Release */ = {
			isa = XCBuildConfiguration;
			buildSettings = {
				ENABLE_TESTABILITY = YES;
				FRAMEWORK_SEARCH_PATHS = (
					"$(inherited)",
					"$(PLATFORM_DIR)/Developer/Library/Frameworks",
				);
				HEADER_SEARCH_PATHS = "$(inherited)";
				INFOPLIST_FILE = Ruka.xcodeproj/Ruka_Info.plist;
				IPHONEOS_DEPLOYMENT_TARGET = 14.0;
				LD_RUNPATH_SEARCH_PATHS = (
					"$(inherited)",
					"$(TOOLCHAIN_DIR)/usr/lib/swift/macosx",
				);
				MACOSX_DEPLOYMENT_TARGET = 10.15;
				OTHER_CFLAGS = "$(inherited)";
				OTHER_LDFLAGS = "$(inherited)";
				OTHER_SWIFT_FLAGS = "$(inherited)";
				PRODUCT_BUNDLE_IDENTIFIER = Ruka;
				PRODUCT_MODULE_NAME = "$(TARGET_NAME:c99extidentifier)";
				PRODUCT_NAME = "$(TARGET_NAME:c99extidentifier)";
				SDKROOT = iphoneos;
				SKIP_INSTALL = YES;
				SUPPORTED_PLATFORMS = "iphonesimulator iphoneos";
				SWIFT_ACTIVE_COMPILATION_CONDITIONS = "$(inherited)";
				SWIFT_VERSION = 5.0;
				TARGET_NAME = Ruka;
				TVOS_DEPLOYMENT_TARGET = 14.0;
				WATCHOS_DEPLOYMENT_TARGET = 8.0;
			};
			name = Release;
		};
		OBJ_3 /* Debug */ = {
			isa = XCBuildConfiguration;
			buildSettings = {
				CLANG_ENABLE_OBJC_ARC = YES;
				CLANG_WARN_BLOCK_CAPTURE_AUTORELEASING = YES;
				CLANG_WARN_BOOL_CONVERSION = YES;
				CLANG_WARN_COMMA = YES;
				CLANG_WARN_CONSTANT_CONVERSION = YES;
				CLANG_WARN_DEPRECATED_OBJC_IMPLEMENTATIONS = YES;
				CLANG_WARN_EMPTY_BODY = YES;
				CLANG_WARN_ENUM_CONVERSION = YES;
				CLANG_WARN_INFINITE_RECURSION = YES;
				CLANG_WARN_INT_CONVERSION = YES;
				CLANG_WARN_NON_LITERAL_NULL_CONVERSION = YES;
				CLANG_WARN_OBJC_IMPLICIT_RETAIN_SELF = YES;
				CLANG_WARN_OBJC_LITERAL_CONVERSION = YES;
				CLANG_WARN_QUOTED_INCLUDE_IN_FRAMEWORK_HEADER = YES;
				CLANG_WARN_RANGE_LOOP_ANALYSIS = YES;
				CLANG_WARN_STRICT_PROTOTYPES = YES;
				CLANG_WARN_SUSPICIOUS_MOVE = YES;
				CLANG_WARN_UNREACHABLE_CODE = YES;
				CLANG_WARN__DUPLICATE_METHOD_MATCH = YES;
				COMBINE_HIDPI_IMAGES = YES;
				COPY_PHASE_STRIP = NO;
				DEBUG_INFORMATION_FORMAT = dwarf;
				DYLIB_INSTALL_NAME_BASE = "@rpath";
				ENABLE_NS_ASSERTIONS = YES;
				ENABLE_STRICT_OBJC_MSGSEND = YES;
				ENABLE_TESTABILITY = YES;
				GCC_NO_COMMON_BLOCKS = YES;
				GCC_OPTIMIZATION_LEVEL = 0;
				GCC_PREPROCESSOR_DEFINITIONS = (
					"$(inherited)",
					"DEBUG=1",
				);
				GCC_WARN_64_TO_32_BIT_CONVERSION = YES;
				GCC_WARN_ABOUT_RETURN_TYPE = YES;
				GCC_WARN_UNDECLARED_SELECTOR = YES;
				GCC_WARN_UNINITIALIZED_AUTOS = YES;
				GCC_WARN_UNUSED_FUNCTION = YES;
				GCC_WARN_UNUSED_VARIABLE = YES;
				ONLY_ACTIVE_ARCH = YES;
				OTHER_SWIFT_FLAGS = "$(inherited) -DXcode";
				PRODUCT_NAME = "$(TARGET_NAME)";
				SDKROOT = iphoneos;
				SUPPORTED_PLATFORMS = "iphoneos iphonesimulator appletvos";
				SWIFT_ACTIVE_COMPILATION_CONDITIONS = "$(inherited) DEBUG";
				SWIFT_OPTIMIZATION_LEVEL = "-Onone";
				USE_HEADERMAP = NO;
			};
			name = Debug;
		};
		OBJ_34 /* Debug */ = {
			isa = XCBuildConfiguration;
			buildSettings = {
				LD = /usr/bin/true;
				MACOSX_DEPLOYMENT_TARGET = "$(RECOMMENDED_MACOSX_DEPLOYMENT_TARGET)";
				OTHER_SWIFT_FLAGS = "-swift-version 5 -I $(TOOLCHAIN_DIR)/usr/lib/swift/pm/4_2 -sdk /Applications/Xcode.app/Contents/Developer/Platforms/MacOSX.platform/Developer/SDKs/MacOSX11.0.sdk -package-description-version 5.3.0";
				SWIFT_VERSION = 5.0;
			};
			name = Debug;
		};
		OBJ_35 /* Release */ = {
			isa = XCBuildConfiguration;
			buildSettings = {
				LD = /usr/bin/true;
				MACOSX_DEPLOYMENT_TARGET = "$(RECOMMENDED_MACOSX_DEPLOYMENT_TARGET)";
				OTHER_SWIFT_FLAGS = "-swift-version 5 -I $(TOOLCHAIN_DIR)/usr/lib/swift/pm/4_2 -sdk /Applications/Xcode.app/Contents/Developer/Platforms/MacOSX.platform/Developer/SDKs/MacOSX11.0.sdk -package-description-version 5.3.0";
				SWIFT_VERSION = 5.0;
			};
			name = Release;
		};
		OBJ_4 /* Release */ = {
			isa = XCBuildConfiguration;
			buildSettings = {
				CLANG_ENABLE_OBJC_ARC = YES;
				CLANG_WARN_BLOCK_CAPTURE_AUTORELEASING = YES;
				CLANG_WARN_BOOL_CONVERSION = YES;
				CLANG_WARN_COMMA = YES;
				CLANG_WARN_CONSTANT_CONVERSION = YES;
				CLANG_WARN_DEPRECATED_OBJC_IMPLEMENTATIONS = YES;
				CLANG_WARN_EMPTY_BODY = YES;
				CLANG_WARN_ENUM_CONVERSION = YES;
				CLANG_WARN_INFINITE_RECURSION = YES;
				CLANG_WARN_INT_CONVERSION = YES;
				CLANG_WARN_NON_LITERAL_NULL_CONVERSION = YES;
				CLANG_WARN_OBJC_IMPLICIT_RETAIN_SELF = YES;
				CLANG_WARN_OBJC_LITERAL_CONVERSION = YES;
				CLANG_WARN_QUOTED_INCLUDE_IN_FRAMEWORK_HEADER = YES;
				CLANG_WARN_RANGE_LOOP_ANALYSIS = YES;
				CLANG_WARN_STRICT_PROTOTYPES = YES;
				CLANG_WARN_SUSPICIOUS_MOVE = YES;
				CLANG_WARN_UNREACHABLE_CODE = YES;
				CLANG_WARN__DUPLICATE_METHOD_MATCH = YES;
				COMBINE_HIDPI_IMAGES = YES;
				COPY_PHASE_STRIP = YES;
				DEBUG_INFORMATION_FORMAT = "dwarf-with-dsym";
				DYLIB_INSTALL_NAME_BASE = "@rpath";
				ENABLE_STRICT_OBJC_MSGSEND = YES;
				GCC_NO_COMMON_BLOCKS = YES;
				GCC_OPTIMIZATION_LEVEL = s;
				GCC_WARN_64_TO_32_BIT_CONVERSION = YES;
				GCC_WARN_ABOUT_RETURN_TYPE = YES;
				GCC_WARN_UNDECLARED_SELECTOR = YES;
				GCC_WARN_UNINITIALIZED_AUTOS = YES;
				GCC_WARN_UNUSED_FUNCTION = YES;
				GCC_WARN_UNUSED_VARIABLE = YES;
				OTHER_SWIFT_FLAGS = "$(inherited) -DXcode";
				PRODUCT_NAME = "$(TARGET_NAME)";
				SDKROOT = iphoneos;
				SUPPORTED_PLATFORMS = "iphoneos iphonesimulator appletvos";
				SWIFT_COMPILATION_MODE = wholemodule;
				SWIFT_OPTIMIZATION_LEVEL = "-O";
				USE_HEADERMAP = NO;
			};
			name = Release;
		};
		OBJ_40 /* Debug */ = {
			isa = XCBuildConfiguration;
			buildSettings = {
				MACOSX_DEPLOYMENT_TARGET = "$(RECOMMENDED_MACOSX_DEPLOYMENT_TARGET)";
			};
			name = Debug;
		};
		OBJ_41 /* Release */ = {
			isa = XCBuildConfiguration;
			buildSettings = {
				MACOSX_DEPLOYMENT_TARGET = "$(RECOMMENDED_MACOSX_DEPLOYMENT_TARGET)";
			};
			name = Release;
		};
		OBJ_45 /* Debug */ = {
			isa = XCBuildConfiguration;
			buildSettings = {
				ALWAYS_EMBED_SWIFT_STANDARD_LIBRARIES = YES;
				CLANG_ENABLE_MODULES = YES;
				FRAMEWORK_SEARCH_PATHS = (
					"$(inherited)",
					"$(PLATFORM_DIR)/Developer/Library/Frameworks",
				);
				HEADER_SEARCH_PATHS = "$(inherited)";
				INFOPLIST_FILE = Ruka.xcodeproj/RukaTests_Info.plist;
				IPHONEOS_DEPLOYMENT_TARGET = 14.0;
				LD_RUNPATH_SEARCH_PATHS = (
					"$(inherited)",
					"@loader_path/../Frameworks",
					"@loader_path/Frameworks",
				);
				MACOSX_DEPLOYMENT_TARGET = 10.15;
				OTHER_CFLAGS = "$(inherited)";
				OTHER_LDFLAGS = "$(inherited)";
				OTHER_SWIFT_FLAGS = "$(inherited)";
				SWIFT_ACTIVE_COMPILATION_CONDITIONS = "$(inherited)";
				SWIFT_VERSION = 5.0;
				TARGET_NAME = RukaTests;
				TEST_HOST = "$(BUILT_PRODUCTS_DIR)/Host App.app/Host App";
				TVOS_DEPLOYMENT_TARGET = 14.0;
				WATCHOS_DEPLOYMENT_TARGET = 8.0;
			};
			name = Debug;
		};
		OBJ_46 /* Release */ = {
			isa = XCBuildConfiguration;
			buildSettings = {
				ALWAYS_EMBED_SWIFT_STANDARD_LIBRARIES = YES;
				CLANG_ENABLE_MODULES = YES;
				FRAMEWORK_SEARCH_PATHS = (
					"$(inherited)",
					"$(PLATFORM_DIR)/Developer/Library/Frameworks",
				);
				HEADER_SEARCH_PATHS = "$(inherited)";
				INFOPLIST_FILE = Ruka.xcodeproj/RukaTests_Info.plist;
				IPHONEOS_DEPLOYMENT_TARGET = 14.0;
				LD_RUNPATH_SEARCH_PATHS = (
					"$(inherited)",
					"@loader_path/../Frameworks",
					"@loader_path/Frameworks",
				);
				MACOSX_DEPLOYMENT_TARGET = 10.15;
				OTHER_CFLAGS = "$(inherited)";
				OTHER_LDFLAGS = "$(inherited)";
				OTHER_SWIFT_FLAGS = "$(inherited)";
				SWIFT_ACTIVE_COMPILATION_CONDITIONS = "$(inherited)";
				SWIFT_VERSION = 5.0;
				TARGET_NAME = RukaTests;
				TEST_HOST = "$(BUILT_PRODUCTS_DIR)/Host App.app/Host App";
				TVOS_DEPLOYMENT_TARGET = 14.0;
				WATCHOS_DEPLOYMENT_TARGET = 8.0;
			};
			name = Release;
		};
/* End XCBuildConfiguration section */

/* Begin XCConfigurationList section */
		84E75E4A258039E8001F8290 /* Build configuration list for PBXNativeTarget "Host App" */ = {
			isa = XCConfigurationList;
			buildConfigurations = (
				84E75E4B258039E8001F8290 /* Debug */,
				84E75E4C258039E8001F8290 /* Release */,
			);
			defaultConfigurationIsVisible = 0;
			defaultConfigurationName = Release;
		};
		OBJ_2 /* Build configuration list for PBXProject "Ruka" */ = {
			isa = XCConfigurationList;
			buildConfigurations = (
				OBJ_3 /* Debug */,
				OBJ_4 /* Release */,
			);
			defaultConfigurationIsVisible = 0;
			defaultConfigurationName = Release;
		};
		OBJ_26 /* Build configuration list for PBXNativeTarget "Ruka" */ = {
			isa = XCConfigurationList;
			buildConfigurations = (
				OBJ_27 /* Debug */,
				OBJ_28 /* Release */,
			);
			defaultConfigurationIsVisible = 0;
			defaultConfigurationName = Release;
		};
		OBJ_33 /* Build configuration list for PBXNativeTarget "RukaPackageDescription" */ = {
			isa = XCConfigurationList;
			buildConfigurations = (
				OBJ_34 /* Debug */,
				OBJ_35 /* Release */,
			);
			defaultConfigurationIsVisible = 0;
			defaultConfigurationName = Release;
		};
		OBJ_39 /* Build configuration list for PBXAggregateTarget "RukaPackageTests" */ = {
			isa = XCConfigurationList;
			buildConfigurations = (
				OBJ_40 /* Debug */,
				OBJ_41 /* Release */,
			);
			defaultConfigurationIsVisible = 0;
			defaultConfigurationName = Release;
		};
		OBJ_44 /* Build configuration list for PBXNativeTarget "RukaTests" */ = {
			isa = XCConfigurationList;
			buildConfigurations = (
				OBJ_45 /* Debug */,
				OBJ_46 /* Release */,
			);
			defaultConfigurationIsVisible = 0;
			defaultConfigurationName = Release;
		};
/* End XCConfigurationList section */
	};
	rootObject = OBJ_1 /* Project object */;
}
